// !$*UTF8*$!
{
	archiveVersion = 1;
	classes = {
	};
	objectVersion = 46;
	objects = {

/* Begin PBXBuildFile section */
		A590A6B18C858E56161E40E1 /* Pods_Applied.framework in Frameworks */ = {isa = PBXBuildFile; fileRef = 2BD4400FEE80226316512431 /* Pods_Applied.framework */; };
		FF78D9521F4B7E9200E4B3A2 /* AppDelegate.swift in Sources */ = {isa = PBXBuildFile; fileRef = FF78D9511F4B7E9200E4B3A2 /* AppDelegate.swift */; };
		FF78D9571F4B7E9200E4B3A2 /* Main.storyboard in Resources */ = {isa = PBXBuildFile; fileRef = FF78D9551F4B7E9200E4B3A2 /* Main.storyboard */; };
		FF78D9591F4B7E9200E4B3A2 /* Assets.xcassets in Resources */ = {isa = PBXBuildFile; fileRef = FF78D9581F4B7E9200E4B3A2 /* Assets.xcassets */; };
		FF78D95C1F4B7E9200E4B3A2 /* LaunchScreen.storyboard in Resources */ = {isa = PBXBuildFile; fileRef = FF78D95A1F4B7E9200E4B3A2 /* LaunchScreen.storyboard */; };
		FF78D9641F4B817B00E4B3A2 /* AppliedViewController.swift in Sources */ = {isa = PBXBuildFile; fileRef = FF78D9631F4B817B00E4B3A2 /* AppliedViewController.swift */; };
		FF78D9671F4B830500E4B3A2 /* AppliedJob.swift in Sources */ = {isa = PBXBuildFile; fileRef = FF78D9661F4B830500E4B3A2 /* AppliedJob.swift */; };
/* End PBXBuildFile section */

/* Begin PBXFileReference section */
		2BD4400FEE80226316512431 /* Pods_Applied.framework */ = {isa = PBXFileReference; explicitFileType = wrapper.framework; includeInIndex = 0; path = Pods_Applied.framework; sourceTree = BUILT_PRODUCTS_DIR; };
		479AFC0B47ABF89A471C3339 /* Pods-Applied.release.xcconfig */ = {isa = PBXFileReference; includeInIndex = 1; lastKnownFileType = text.xcconfig; name = "Pods-Applied.release.xcconfig"; path = "Pods/Target Support Files/Pods-Applied/Pods-Applied.release.xcconfig"; sourceTree = "<group>"; };
		57C3704B9588F5D203BAAACD /* Pods-Applied.debug.xcconfig */ = {isa = PBXFileReference; includeInIndex = 1; lastKnownFileType = text.xcconfig; name = "Pods-Applied.debug.xcconfig"; path = "Pods/Target Support Files/Pods-Applied/Pods-Applied.debug.xcconfig"; sourceTree = "<group>"; };
		FF78D94E1F4B7E9200E4B3A2 /* Applied.app */ = {isa = PBXFileReference; explicitFileType = wrapper.application; includeInIndex = 0; path = Applied.app; sourceTree = BUILT_PRODUCTS_DIR; };
		FF78D9511F4B7E9200E4B3A2 /* AppDelegate.swift */ = {isa = PBXFileReference; lastKnownFileType = sourcecode.swift; path = AppDelegate.swift; sourceTree = "<group>"; };
		FF78D9561F4B7E9200E4B3A2 /* Base */ = {isa = PBXFileReference; lastKnownFileType = file.storyboard; name = Base; path = Base.lproj/Main.storyboard; sourceTree = "<group>"; };
		FF78D9581F4B7E9200E4B3A2 /* Assets.xcassets */ = {isa = PBXFileReference; lastKnownFileType = folder.assetcatalog; path = Assets.xcassets; sourceTree = "<group>"; };
		FF78D95B1F4B7E9200E4B3A2 /* Base */ = {isa = PBXFileReference; lastKnownFileType = file.storyboard; name = Base; path = Base.lproj/LaunchScreen.storyboard; sourceTree = "<group>"; };
		FF78D95D1F4B7E9200E4B3A2 /* Info.plist */ = {isa = PBXFileReference; lastKnownFileType = text.plist.xml; path = Info.plist; sourceTree = "<group>"; };
		FF78D9631F4B817B00E4B3A2 /* AppliedViewController.swift */ = {isa = PBXFileReference; fileEncoding = 4; lastKnownFileType = sourcecode.swift; path = AppliedViewController.swift; sourceTree = "<group>"; };
		FF78D9661F4B830500E4B3A2 /* AppliedJob.swift */ = {isa = PBXFileReference; fileEncoding = 4; lastKnownFileType = sourcecode.swift; path = AppliedJob.swift; sourceTree = "<group>"; };
/* End PBXFileReference section */

/* Begin PBXFrameworksBuildPhase section */
		FF78D94B1F4B7E9200E4B3A2 /* Frameworks */ = {
			isa = PBXFrameworksBuildPhase;
			buildActionMask = 2147483647;
			files = (
				A590A6B18C858E56161E40E1 /* Pods_Applied.framework in Frameworks */,
			);
			runOnlyForDeploymentPostprocessing = 0;
		};
/* End PBXFrameworksBuildPhase section */

/* Begin PBXGroup section */
		263837F1CEF3FBB2423AA191 /* Frameworks */ = {
			isa = PBXGroup;
			children = (
				2BD4400FEE80226316512431 /* Pods_Applied.framework */,
			);
			name = Frameworks;
			sourceTree = "<group>";
		};
		BED085775400F43BA6E107BE /* Pods */ = {
			isa = PBXGroup;
			children = (
				57C3704B9588F5D203BAAACD /* Pods-Applied.debug.xcconfig */,
				479AFC0B47ABF89A471C3339 /* Pods-Applied.release.xcconfig */,
			);
			name = Pods;
			sourceTree = "<group>";
		};
		FF78D9451F4B7E9200E4B3A2 = {
			isa = PBXGroup;
			children = (
				FF78D9501F4B7E9200E4B3A2 /* Applied */,
				FF78D94F1F4B7E9200E4B3A2 /* Products */,
				BED085775400F43BA6E107BE /* Pods */,
				263837F1CEF3FBB2423AA191 /* Frameworks */,
			);
			sourceTree = "<group>";
		};
		FF78D94F1F4B7E9200E4B3A2 /* Products */ = {
			isa = PBXGroup;
			children = (
				FF78D94E1F4B7E9200E4B3A2 /* Applied.app */,
			);
			name = Products;
			sourceTree = "<group>";
		};
		FF78D9501F4B7E9200E4B3A2 /* Applied */ = {
			isa = PBXGroup;
			children = (
				FF78D9511F4B7E9200E4B3A2 /* AppDelegate.swift */,
				FF78D9551F4B7E9200E4B3A2 /* Main.storyboard */,
				FF78D95A1F4B7E9200E4B3A2 /* LaunchScreen.storyboard */,
				FF78D9631F4B817B00E4B3A2 /* AppliedViewController.swift */,
				FF78D9661F4B830500E4B3A2 /* AppliedJob.swift */,
				FF78D9651F4B81A100E4B3A2 /* Support Files */,
			);
			path = Applied;
			sourceTree = "<group>";
		};
		FF78D9651F4B81A100E4B3A2 /* Support Files */ = {
			isa = PBXGroup;
			children = (
				FF78D95D1F4B7E9200E4B3A2 /* Info.plist */,
				FF78D9581F4B7E9200E4B3A2 /* Assets.xcassets */,
			);
			name = "Support Files";
			sourceTree = "<group>";
		};
/* End PBXGroup section */

/* Begin PBXNativeTarget section */
		FF78D94D1F4B7E9200E4B3A2 /* Applied */ = {
			isa = PBXNativeTarget;
			buildConfigurationList = FF78D9601F4B7E9200E4B3A2 /* Build configuration list for PBXNativeTarget "Applied" */;
			buildPhases = (
				88A5BD1178702E9B4D0ED3D8 /* [CP] Check Pods Manifest.lock */,
				FF78D94A1F4B7E9200E4B3A2 /* Sources */,
				FF78D94B1F4B7E9200E4B3A2 /* Frameworks */,
				FF78D94C1F4B7E9200E4B3A2 /* Resources */,
				997D4320C37453B657295BFA /* [CP] Embed Pods Frameworks */,
				6EE0C235A4FB85FF09FDE2C0 /* [CP] Copy Pods Resources */,
			);
			buildRules = (
			);
			dependencies = (
			);
			name = Applied;
			productName = Applied;
			productReference = FF78D94E1F4B7E9200E4B3A2 /* Applied.app */;
			productType = "com.apple.product-type.application";
		};
/* End PBXNativeTarget section */

/* Begin PBXProject section */
		FF78D9461F4B7E9200E4B3A2 /* Project object */ = {
			isa = PBXProject;
			attributes = {
				LastSwiftUpdateCheck = 0830;
				LastUpgradeCheck = 0830;
				ORGANIZATIONNAME = "Jimmy Hoang";
				TargetAttributes = {
					FF78D94D1F4B7E9200E4B3A2 = {
						CreatedOnToolsVersion = 8.3.3;
						DevelopmentTeam = J59V4ERK4U;
						ProvisioningStyle = Automatic;
					};
				};
			};
			buildConfigurationList = FF78D9491F4B7E9200E4B3A2 /* Build configuration list for PBXProject "Applied" */;
			compatibilityVersion = "Xcode 3.2";
			developmentRegion = English;
			hasScannedForEncodings = 0;
			knownRegions = (
				en,
				Base,
			);
			mainGroup = FF78D9451F4B7E9200E4B3A2;
			productRefGroup = FF78D94F1F4B7E9200E4B3A2 /* Products */;
			projectDirPath = "";
			projectRoot = "";
			targets = (
				FF78D94D1F4B7E9200E4B3A2 /* Applied */,
			);
		};
/* End PBXProject section */

/* Begin PBXResourcesBuildPhase section */
		FF78D94C1F4B7E9200E4B3A2 /* Resources */ = {
			isa = PBXResourcesBuildPhase;
			buildActionMask = 2147483647;
			files = (
				FF78D95C1F4B7E9200E4B3A2 /* LaunchScreen.storyboard in Resources */,
				FF78D9591F4B7E9200E4B3A2 /* Assets.xcassets in Resources */,
				FF78D9571F4B7E9200E4B3A2 /* Main.storyboard in Resources */,
			);
			runOnlyForDeploymentPostprocessing = 0;
		};
/* End PBXResourcesBuildPhase section */

/* Begin PBXShellScriptBuildPhase section */
		6EE0C235A4FB85FF09FDE2C0 /* [CP] Copy Pods Resources */ = {
			isa = PBXShellScriptBuildPhase;
			buildActionMask = 2147483647;
			files = (
			);
			inputPaths = (
			);
			name = "[CP] Copy Pods Resources";
			outputPaths = (
			);
			runOnlyForDeploymentPostprocessing = 0;
			shellPath = /bin/sh;
			shellScript = "\"${SRCROOT}/Pods/Target Support Files/Pods-Applied/Pods-Applied-resources.sh\"\n";
			showEnvVarsInLog = 0;
		};
		88A5BD1178702E9B4D0ED3D8 /* [CP] Check Pods Manifest.lock */ = {
			isa = PBXShellScriptBuildPhase;
			buildActionMask = 2147483647;
			files = (
			);
			inputPaths = (
				"${PODS_PODFILE_DIR_PATH}/Podfile.lock",
				"${PODS_ROOT}/Manifest.lock",
			);
			name = "[CP] Check Pods Manifest.lock";
			outputPaths = (
				"$(DERIVED_FILE_DIR)/Pods-Applied-checkManifestLockResult.txt",
			);
			runOnlyForDeploymentPostprocessing = 0;
			shellPath = /bin/sh;
			shellScript = "diff \"${PODS_PODFILE_DIR_PATH}/Podfile.lock\" \"${PODS_ROOT}/Manifest.lock\" > /dev/null\nif [ $? != 0 ] ; then\n    # print error to STDERR\n    echo \"error: The sandbox is not in sync with the Podfile.lock. Run 'pod install' or update your CocoaPods installation.\" >&2\n    exit 1\nfi\n# This output is used by Xcode 'outputs' to avoid re-running this script phase.\necho \"SUCCESS\" > \"${SCRIPT_OUTPUT_FILE_0}\"\n";
			showEnvVarsInLog = 0;
		};
		997D4320C37453B657295BFA /* [CP] Embed Pods Frameworks */ = {
			isa = PBXShellScriptBuildPhase;
			buildActionMask = 2147483647;
			files = (
			);
			inputPaths = (
				"${SRCROOT}/Pods/Target Support Files/Pods-Applied/Pods-Applied-frameworks.sh",
				"${BUILT_PRODUCTS_DIR}/Realm/Realm.framework",
				"${BUILT_PRODUCTS_DIR}/RealmSwift/RealmSwift.framework",
			);
			name = "[CP] Embed Pods Frameworks";
			outputPaths = (
				"${TARGET_BUILD_DIR}/${FRAMEWORKS_FOLDER_PATH}/Realm.framework",
				"${TARGET_BUILD_DIR}/${FRAMEWORKS_FOLDER_PATH}/RealmSwift.framework",
			);
			runOnlyForDeploymentPostprocessing = 0;
			shellPath = /bin/sh;
			shellScript = "\"${SRCROOT}/Pods/Target Support Files/Pods-Applied/Pods-Applied-frameworks.sh\"\n";
			showEnvVarsInLog = 0;
		};
/* End PBXShellScriptBuildPhase section */

/* Begin PBXSourcesBuildPhase section */
		FF78D94A1F4B7E9200E4B3A2 /* Sources */ = {
			isa = PBXSourcesBuildPhase;
			buildActionMask = 2147483647;
			files = (
				FF78D9641F4B817B00E4B3A2 /* AppliedViewController.swift in Sources */,
				FF78D9671F4B830500E4B3A2 /* AppliedJob.swift in Sources */,
				FF78D9521F4B7E9200E4B3A2 /* AppDelegate.swift in Sources */,
			);
			runOnlyForDeploymentPostprocessing = 0;
		};
/* End PBXSourcesBuildPhase section */

/* Begin PBXVariantGroup section */
		FF78D9551F4B7E9200E4B3A2 /* Main.storyboard */ = {
			isa = PBXVariantGroup;
			children = (
				FF78D9561F4B7E9200E4B3A2 /* Base */,
			);
			name = Main.storyboard;
			sourceTree = "<group>";
		};
		FF78D95A1F4B7E9200E4B3A2 /* LaunchScreen.storyboard */ = {
			isa = PBXVariantGroup;
			children = (
				FF78D95B1F4B7E9200E4B3A2 /* Base */,
			);
			name = LaunchScreen.storyboard;
			sourceTree = "<group>";
		};
/* End PBXVariantGroup section */

/* Begin XCBuildConfiguration section */
		FF78D95E1F4B7E9200E4B3A2 /* Debug */ = {
			isa = XCBuildConfiguration;
			buildSettings = {
				ALWAYS_SEARCH_USER_PATHS = NO;
				CLANG_ANALYZER_NONNULL = YES;
				CLANG_ANALYZER_NUMBER_OBJECT_CONVERSION = YES_AGGRESSIVE;
				CLANG_CXX_LANGUAGE_STANDARD = "gnu++0x";
				CLANG_CXX_LIBRARY = "libc++";
				CLANG_ENABLE_MODULES = YES;
				CLANG_ENABLE_OBJC_ARC = YES;
				CLANG_WARN_BOOL_CONVERSION = YES;
				CLANG_WARN_CONSTANT_CONVERSION = YES;
				CLANG_WARN_DIRECT_OBJC_ISA_USAGE = YES_ERROR;
				CLANG_WARN_DOCUMENTATION_COMMENTS = YES;
				CLANG_WARN_EMPTY_BODY = YES;
				CLANG_WARN_ENUM_CONVERSION = YES;
				CLANG_WARN_INFINITE_RECURSION = YES;
				CLANG_WARN_INT_CONVERSION = YES;
				CLANG_WARN_OBJC_ROOT_CLASS = YES_ERROR;
				CLANG_WARN_SUSPICIOUS_MOVE = YES;
				CLANG_WARN_UNREACHABLE_CODE = YES;
				CLANG_WARN__DUPLICATE_METHOD_MATCH = YES;
				"CODE_SIGN_IDENTITY[sdk=iphoneos*]" = "iPhone Developer";
				COPY_PHASE_STRIP = NO;
				DEBUG_INFORMATION_FORMAT = dwarf;
				ENABLE_STRICT_OBJC_MSGSEND = YES;
				ENABLE_TESTABILITY = YES;
				GCC_C_LANGUAGE_STANDARD = gnu99;
				GCC_DYNAMIC_NO_PIC = NO;
				GCC_NO_COMMON_BLOCKS = YES;
				GCC_OPTIMIZATION_LEVEL = 0;
				GCC_PREPROCESSOR_DEFINITIONS = (
					"DEBUG=1",
					"$(inherited)",
				);
				GCC_WARN_64_TO_32_BIT_CONVERSION = YES;
				GCC_WARN_ABOUT_RETURN_TYPE = YES_ERROR;
				GCC_WARN_UNDECLARED_SELECTOR = YES;
				GCC_WARN_UNINITIALIZED_AUTOS = YES_AGGRESSIVE;
				GCC_WARN_UNUSED_FUNCTION = YES;
				GCC_WARN_UNUSED_VARIABLE = YES;
				IPHONEOS_DEPLOYMENT_TARGET = 10.3;
				MTL_ENABLE_DEBUG_INFO = YES;
				ONLY_ACTIVE_ARCH = YES;
				SDKROOT = iphoneos;
				SWIFT_ACTIVE_COMPILATION_CONDITIONS = DEBUG;
				SWIFT_OPTIMIZATION_LEVEL = "-Onone";
				TARGETED_DEVICE_FAMILY = "1,2";
			};
			name = Debug;
		};
		FF78D95F1F4B7E9200E4B3A2 /* Release */ = {
			isa = XCBuildConfiguration;
			buildSettings = {
				ALWAYS_SEARCH_USER_PATHS = NO;
				CLANG_ANALYZER_NONNULL = YES;
				CLANG_ANALYZER_NUMBER_OBJECT_CONVERSION = YES_AGGRESSIVE;
				CLANG_CXX_LANGUAGE_STANDARD = "gnu++0x";
				CLANG_CXX_LIBRARY = "libc++";
				CLANG_ENABLE_MODULES = YES;
				CLANG_ENABLE_OBJC_ARC = YES;
				CLANG_WARN_BOOL_CONVERSION = YES;
				CLANG_WARN_CONSTANT_CONVERSION = YES;
				CLANG_WARN_DIRECT_OBJC_ISA_USAGE = YES_ERROR;
				CLANG_WARN_DOCUMENTATION_COMMENTS = YES;
				CLANG_WARN_EMPTY_BODY = YES;
				CLANG_WARN_ENUM_CONVERSION = YES;
				CLANG_WARN_INFINITE_RECURSION = YES;
				CLANG_WARN_INT_CONVERSION = YES;
				CLANG_WARN_OBJC_ROOT_CLASS = YES_ERROR;
				CLANG_WARN_SUSPICIOUS_MOVE = YES;
				CLANG_WARN_UNREACHABLE_CODE = YES;
				CLANG_WARN__DUPLICATE_METHOD_MATCH = YES;
				"CODE_SIGN_IDENTITY[sdk=iphoneos*]" = "iPhone Developer";
				COPY_PHASE_STRIP = NO;
				DEBUG_INFORMATION_FORMAT = "dwarf-with-dsym";
				ENABLE_NS_ASSERTIONS = NO;
				ENABLE_STRICT_OBJC_MSGSEND = YES;
				GCC_C_LANGUAGE_STANDARD = gnu99;
				GCC_NO_COMMON_BLOCKS = YES;
				GCC_WARN_64_TO_32_BIT_CONVERSION = YES;
				GCC_WARN_ABOUT_RETURN_TYPE = YES_ERROR;
				GCC_WARN_UNDECLARED_SELECTOR = YES;
				GCC_WARN_UNINITIALIZED_AUTOS = YES_AGGRESSIVE;
				GCC_WARN_UNUSED_FUNCTION = YES;
				GCC_WARN_UNUSED_VARIABLE = YES;
				IPHONEOS_DEPLOYMENT_TARGET = 10.3;
				MTL_ENABLE_DEBUG_INFO = NO;
				SDKROOT = iphoneos;
				SWIFT_OPTIMIZATION_LEVEL = "-Owholemodule";
				TARGETED_DEVICE_FAMILY = "1,2";
				VALIDATE_PRODUCT = YES;
			};
			name = Release;
		};
		FF78D9611F4B7E9200E4B3A2 /* Debug */ = {
			isa = XCBuildConfiguration;
			baseConfigurationReference = 57C3704B9588F5D203BAAACD /* Pods-Applied.debug.xcconfig */;
			buildSettings = {
				ASSETCATALOG_COMPILER_APPICON_NAME = AppIcon;
				DEVELOPMENT_TEAM = J59V4ERK4U;
				INFOPLIST_FILE = Applied/Info.plist;
				LD_RUNPATH_SEARCH_PATHS = "$(inherited) @executable_path/Frameworks";
				PRODUCT_BUNDLE_IDENTIFIER = com.JimmyHoang.Applied;
				PRODUCT_NAME = "$(TARGET_NAME)";
				SWIFT_VERSION = 3.0;
			};
			name = Debug;
		};
		FF78D9621F4B7E9200E4B3A2 /* Release */ = {
			isa = XCBuildConfiguration;
			baseConfigurationReference = 479AFC0B47ABF89A471C3339 /* Pods-Applied.release.xcconfig */;
			buildSettings = {
				ASSETCATALOG_COMPILER_APPICON_NAME = AppIcon;
				DEVELOPMENT_TEAM = J59V4ERK4U;
				INFOPLIST_FILE = Applied/Info.plist;
				LD_RUNPATH_SEARCH_PATHS = "$(inherited) @executable_path/Frameworks";
				PRODUCT_BUNDLE_IDENTIFIER = com.JimmyHoang.Applied;
				PRODUCT_NAME = "$(TARGET_NAME)";
				SWIFT_VERSION = 3.0;
			};
			name = Release;
		};
/* End XCBuildConfiguration section */

/* Begin XCConfigurationList section */
		FF78D9491F4B7E9200E4B3A2 /* Build configuration list for PBXProject "Applied" */ = {
			isa = XCConfigurationList;
			buildConfigurations = (
				FF78D95E1F4B7E9200E4B3A2 /* Debug */,
				FF78D95F1F4B7E9200E4B3A2 /* Release */,
			);
			defaultConfigurationIsVisible = 0;
			defaultConfigurationName = Release;
		};
		FF78D9601F4B7E9200E4B3A2 /* Build configuration list for PBXNativeTarget "Applied" */ = {
			isa = XCConfigurationList;
			buildConfigurations = (
				FF78D9611F4B7E9200E4B3A2 /* Debug */,
				FF78D9621F4B7E9200E4B3A2 /* Release */,
			);
			defaultConfigurationIsVisible = 0;
			defaultConfigurationName = Release;
		};
/* End XCConfigurationList section */
	};
	rootObject = FF78D9461F4B7E9200E4B3A2 /* Project object */;
}
